
Microsoft Visual Studio Solution File, Format Version 12.00
# Visual Studio Version 17
VisualStudioVersion = 17.8.34511.84
MinimumVisualStudioVersion = 10.0.40219.1
Project("{FAE04EC0-301F-11D3-BF4B-00C04F79EFBC}") = "Laborator 5", "Laborator 5.csproj", "{EDBB681B-1C69-4B32-8D5B-E93BECEA601E}"
EndProject
Global
	GlobalSection(SolutionConfigurationPlatforms) = preSolution
		Debug|Any CPU = Debug|Any CPU
		Release|Any CPU = Release|Any CPU
	EndGlobalSection
	GlobalSection(ProjectConfigurationPlatforms) = postSolution
		{EDBB681B-1C69-4B32-8D5B-E93BECEA601E}.Debug|Any CPU.ActiveCfg = Debug|Any CPU
		{EDBB681B-1C69-4B32-8D5B-E93BECEA601E}.Debug|Any CPU.Build.0 = Debug|Any CPU
		{EDBB681B-1C69-4B32-8D5B-E93BECEA601E}.Release|Any CPU.ActiveCfg = Release|Any CPU
		{EDBB681B-1C69-4B32-8D5B-E93BECEA601E}.Release|Any CPU.Build.0 = Release|Any CPU
	EndGlobalSection
	GlobalSection(SolutionProperties) = preSolution
		HideSolutionNode = FALSE
	EndGlobalSection
	GlobalSection(ExtensibilityGlobals) = postSolution
		SolutionGuid = {0C618182-AA54-4986-BF0F-B026960C43E8}
	EndGlobalSection
EndGlobal
