
Microsoft Visual Studio Solution File, Format Version 12.00
# Visual Studio Version 17
VisualStudioVersion = 17.8.34511.84
MinimumVisualStudioVersion = 10.0.40219.1
Project("{FAE04EC0-301F-11D3-BF4B-00C04F79EFBC}") = "ArticlesApp", "ArticlesApp.csproj", "{0490D834-CED9-4141-BBC7-C9124C378B7E}"
EndProject
Global
	GlobalSection(SolutionConfigurationPlatforms) = preSolution
		Debug|Any CPU = Debug|Any CPU
		Release|Any CPU = Release|Any CPU
	EndGlobalSection
	GlobalSection(ProjectConfigurationPlatforms) = postSolution
		{0490D834-CED9-4141-BBC7-C9124C378B7E}.Debug|Any CPU.ActiveCfg = Debug|Any CPU
		{0490D834-CED9-4141-BBC7-C9124C378B7E}.Debug|Any CPU.Build.0 = Debug|Any CPU
		{0490D834-CED9-4141-BBC7-C9124C378B7E}.Release|Any CPU.ActiveCfg = Release|Any CPU
		{0490D834-CED9-4141-BBC7-C9124C378B7E}.Release|Any CPU.Build.0 = Release|Any CPU
	EndGlobalSection
	GlobalSection(SolutionProperties) = preSolution
		HideSolutionNode = FALSE
	EndGlobalSection
	GlobalSection(ExtensibilityGlobals) = postSolution
		SolutionGuid = {B0DBF535-E446-4375-A78B-9D5836133DE1}
	EndGlobalSection
EndGlobal
