
Microsoft Visual Studio Solution File, Format Version 12.00
# Visual Studio Version 17
VisualStudioVersion = 17.8.34511.84
MinimumVisualStudioVersion = 10.0.40219.1
Project("{FAE04EC0-301F-11D3-BF4B-00C04F79EFBC}") = "Laborator 5.2", "Laborator 5.2.csproj", "{24B860F0-FE2F-47D2-933A-3BCF94699FB7}"
EndProject
Global
	GlobalSection(SolutionConfigurationPlatforms) = preSolution
		Debug|Any CPU = Debug|Any CPU
		Release|Any CPU = Release|Any CPU
	EndGlobalSection
	GlobalSection(ProjectConfigurationPlatforms) = postSolution
		{24B860F0-FE2F-47D2-933A-3BCF94699FB7}.Debug|Any CPU.ActiveCfg = Debug|Any CPU
		{24B860F0-FE2F-47D2-933A-3BCF94699FB7}.Debug|Any CPU.Build.0 = Debug|Any CPU
		{24B860F0-FE2F-47D2-933A-3BCF94699FB7}.Release|Any CPU.ActiveCfg = Release|Any CPU
		{24B860F0-FE2F-47D2-933A-3BCF94699FB7}.Release|Any CPU.Build.0 = Release|Any CPU
	EndGlobalSection
	GlobalSection(SolutionProperties) = preSolution
		HideSolutionNode = FALSE
	EndGlobalSection
	GlobalSection(ExtensibilityGlobals) = postSolution
		SolutionGuid = {00FB747B-9DE5-45F0-A5FB-50179EB58D8C}
	EndGlobalSection
EndGlobal
