
Microsoft Visual Studio Solution File, Format Version 12.00
# Visual Studio Version 17
VisualStudioVersion = 17.8.34511.84
MinimumVisualStudioVersion = 10.0.40219.1
Project("{FAE04EC0-301F-11D3-BF4B-00C04F79EFBC}") = "Laborator 3", "Laborator 3.csproj", "{F42C9230-E8B5-41BB-9359-2396C817C297}"
EndProject
Global
	GlobalSection(SolutionConfigurationPlatforms) = preSolution
		Debug|Any CPU = Debug|Any CPU
		Release|Any CPU = Release|Any CPU
	EndGlobalSection
	GlobalSection(ProjectConfigurationPlatforms) = postSolution
		{F42C9230-E8B5-41BB-9359-2396C817C297}.Debug|Any CPU.ActiveCfg = Debug|Any CPU
		{F42C9230-E8B5-41BB-9359-2396C817C297}.Debug|Any CPU.Build.0 = Debug|Any CPU
		{F42C9230-E8B5-41BB-9359-2396C817C297}.Release|Any CPU.ActiveCfg = Release|Any CPU
		{F42C9230-E8B5-41BB-9359-2396C817C297}.Release|Any CPU.Build.0 = Release|Any CPU
	EndGlobalSection
	GlobalSection(SolutionProperties) = preSolution
		HideSolutionNode = FALSE
	EndGlobalSection
	GlobalSection(ExtensibilityGlobals) = postSolution
		SolutionGuid = {3FB1CB9F-F087-4103-8500-6F189A0F5DA3}
	EndGlobalSection
EndGlobal
