
Microsoft Visual Studio Solution File, Format Version 12.00
# Visual Studio Version 17
VisualStudioVersion = 17.8.34511.84
MinimumVisualStudioVersion = 10.0.40219.1
Project("{FAE04EC0-301F-11D3-BF4B-00C04F79EFBC}") = "Laborator 4", "Laborator 4.csproj", "{36CD740A-846E-4907-96A3-737981AA5AA8}"
EndProject
Global
	GlobalSection(SolutionConfigurationPlatforms) = preSolution
		Debug|Any CPU = Debug|Any CPU
		Release|Any CPU = Release|Any CPU
	EndGlobalSection
	GlobalSection(ProjectConfigurationPlatforms) = postSolution
		{36CD740A-846E-4907-96A3-737981AA5AA8}.Debug|Any CPU.ActiveCfg = Debug|Any CPU
		{36CD740A-846E-4907-96A3-737981AA5AA8}.Debug|Any CPU.Build.0 = Debug|Any CPU
		{36CD740A-846E-4907-96A3-737981AA5AA8}.Release|Any CPU.ActiveCfg = Release|Any CPU
		{36CD740A-846E-4907-96A3-737981AA5AA8}.Release|Any CPU.Build.0 = Release|Any CPU
	EndGlobalSection
	GlobalSection(SolutionProperties) = preSolution
		HideSolutionNode = FALSE
	EndGlobalSection
	GlobalSection(ExtensibilityGlobals) = postSolution
		SolutionGuid = {1597C27C-E6AE-4F54-8DC3-183F44BBB2D1}
	EndGlobalSection
EndGlobal
